
Microsoft Visual Studio Solution File, Format Version 12.00
# Visual Studio Version 17
VisualStudioVersion = 17.1.32421.90
MinimumVisualStudioVersion = 10.0.40219.1
Project("{FAE04EC0-301F-11D3-BF4B-00C04F79EFBC}") = "FestivalSelenium", "FestivalSelenium\FestivalSelenium.csproj", "{0C9F441F-77DA-4AB8-AC74-4E6F110D311A}"
EndProject
Global
	GlobalSection(SolutionConfigurationPlatforms) = preSolution
		Debug|Any CPU = Debug|Any CPU
		Release|Any CPU = Release|Any CPU
	EndGlobalSection
	GlobalSection(ProjectConfigurationPlatforms) = postSolution
		{0C9F441F-77DA-4AB8-AC74-4E6F110D311A}.Debug|Any CPU.ActiveCfg = Debug|Any CPU
		{0C9F441F-77DA-4AB8-AC74-4E6F110D311A}.Debug|Any CPU.Build.0 = Debug|Any CPU
		{0C9F441F-77DA-4AB8-AC74-4E6F110D311A}.Release|Any CPU.ActiveCfg = Release|Any CPU
		{0C9F441F-77DA-4AB8-AC74-4E6F110D311A}.Release|Any CPU.Build.0 = Release|Any CPU
	EndGlobalSection
	GlobalSection(SolutionProperties) = preSolution
		HideSolutionNode = FALSE
	EndGlobalSection
	GlobalSection(ExtensibilityGlobals) = postSolution
		SolutionGuid = {7A8AA50C-D95C-4688-9EBF-CE3345CE1CE4}
	EndGlobalSection
EndGlobal
